{
  "name": "pos",
  "version": "1.0.0",
  "lockfileVersion": 2,
  "requires": true,
  "packages": {
    "": {
      "name": "pos",
      "version": "1.0.0",
      "license": "ISC",
      "dependencies": {
        "jsprintmanager": "^5.0.2"
      }
    },
    "node_modules/jsprintmanager": {
      "version": "5.0.2",
      "resolved": "https://registry.npmjs.org/jsprintmanager/-/jsprintmanager-5.0.2.tgz",
      "integrity": "sha512-pLTvMqNeOA+rladXHK2K22Ohvn0lCasp6+rZyTNAu57Mt0KdBqZT4liUr4A1ubeB2wnvuUef6PDpAE6wWdGGPg=="
    }
  },
  "dependencies": {
    "jsprintmanager": {
      "version": "5.0.2",
      "resolved": "https://registry.npmjs.org/jsprintmanager/-/jsprintmanager-5.0.2.tgz",
      "integrity": "sha512-pLTvMqNeOA+rladXHK2K22Ohvn0lCasp6+rZyTNAu57Mt0KdBqZT4liUr4A1ubeB2wnvuUef6PDpAE6wWdGGPg=="
    }
  }
}
